
Microsoft Visual Studio Solution File, Format Version 12.00
# Visual Studio Version 16
VisualStudioVersion = 16.0.31729.503
MinimumVisualStudioVersion = 10.0.40219.1
Project("{FAE04EC0-301F-11D3-BF4B-00C04F79EFBC}") = "ABCCarTraders", "ABCCarTraders\ABCCarTraders.csproj", "{72797153-91E0-41A6-88D7-C4F8BFDBE81D}"
EndProject
Global
	GlobalSection(SolutionConfigurationPlatforms) = preSolution
		Debug|Any CPU = Debug|Any CPU
		Release|Any CPU = Release|Any CPU
	EndGlobalSection
	GlobalSection(ProjectConfigurationPlatforms) = postSolution
		{72797153-91E0-41A6-88D7-C4F8BFDBE81D}.Debug|Any CPU.ActiveCfg = Debug|Any CPU
		{72797153-91E0-41A6-88D7-C4F8BFDBE81D}.Debug|Any CPU.Build.0 = Debug|Any CPU
		{72797153-91E0-41A6-88D7-C4F8BFDBE81D}.Release|Any CPU.ActiveCfg = Release|Any CPU
		{72797153-91E0-41A6-88D7-C4F8BFDBE81D}.Release|Any CPU.Build.0 = Release|Any CPU
	EndGlobalSection
	GlobalSection(SolutionProperties) = preSolution
		HideSolutionNode = FALSE
	EndGlobalSection
	GlobalSection(ExtensibilityGlobals) = postSolution
		SolutionGuid = {2CCB7367-06A6-4297-9ACE-C6E7B4E4FC2C}
	EndGlobalSection
EndGlobal
